
Microsoft Visual Studio Solution File, Format Version 12.00
# Visual Studio Version 17
VisualStudioVersion = 17.4.33110.190
MinimumVisualStudioVersion = 10.0.40219.1
Project("{888888A0-9F3D-457C-B088-3A5042F75D52}") = "hw4", "hw4\hw4.pyproj", "{06C627F0-6DDC-4CFB-8193-EDF13932261C}"
EndProject
Global
	GlobalSection(SolutionConfigurationPlatforms) = preSolution
		Debug|Any CPU = Debug|Any CPU
		Release|Any CPU = Release|Any CPU
	EndGlobalSection
	GlobalSection(ProjectConfigurationPlatforms) = postSolution
		{06C627F0-6DDC-4CFB-8193-EDF13932261C}.Debug|Any CPU.ActiveCfg = Debug|Any CPU
		{06C627F0-6DDC-4CFB-8193-EDF13932261C}.Release|Any CPU.ActiveCfg = Release|Any CPU
	EndGlobalSection
	GlobalSection(SolutionProperties) = preSolution
		HideSolutionNode = FALSE
	EndGlobalSection
	GlobalSection(ExtensibilityGlobals) = postSolution
		SolutionGuid = {633B1199-7BDC-40E3-9DC2-B1D926B87595}
	EndGlobalSection
EndGlobal
